// !$*UTF8*$!
{
	archiveVersion = 1;
	classes = {
	};
	objectVersion = 46;
	objects = {

/* Begin PBXBuildFile section */
		115CEA061E025993001F3685 /* AppDelegate.swift in Sources */ = {isa = PBXBuildFile; fileRef = 115CEA051E025993001F3685 /* AppDelegate.swift */; };
		115CEA081E025993001F3685 /* ViewController.swift in Sources */ = {isa = PBXBuildFile; fileRef = 115CEA071E025993001F3685 /* ViewController.swift */; };
		115CEA0B1E025993001F3685 /* Main.storyboard in Resources */ = {isa = PBXBuildFile; fileRef = 115CEA091E025993001F3685 /* Main.storyboard */; };
		115CEA0D1E025993001F3685 /* Assets.xcassets in Resources */ = {isa = PBXBuildFile; fileRef = 115CEA0C1E025993001F3685 /* Assets.xcassets */; };
		115CEA101E025993001F3685 /* LaunchScreen.storyboard in Resources */ = {isa = PBXBuildFile; fileRef = 115CEA0E1E025993001F3685 /* LaunchScreen.storyboard */; };
/* End PBXBuildFile section */

/* Begin PBXFileReference section */
		115CEA021E025993001F3685 /* Mort Slang.app */ = {isa = PBXFileReference; explicitFileType = wrapper.application; includeInIndex = 0; path = "Mort Slang.app"; sourceTree = BUILT_PRODUCTS_DIR; };
		115CEA051E025993001F3685 /* AppDelegate.swift */ = {isa = PBXFileReference; lastKnownFileType = sourcecode.swift; path = AppDelegate.swift; sourceTree = "<group>"; };
		115CEA071E025993001F3685 /* ViewController.swift */ = {isa = PBXFileReference; lastKnownFileType = sourcecode.swift; path = ViewController.swift; sourceTree = "<group>"; };
		115CEA0A1E025993001F3685 /* Base */ = {isa = PBXFileReference; lastKnownFileType = file.storyboard; name = Base; path = Base.lproj/Main.storyboard; sourceTree = "<group>"; };
		115CEA0C1E025993001F3685 /* Assets.xcassets */ = {isa = PBXFileReference; lastKnownFileType = folder.assetcatalog; path = Assets.xcassets; sourceTree = "<group>"; };
		115CEA0F1E025993001F3685 /* Base */ = {isa = PBXFileReference; lastKnownFileType = file.storyboard; name = Base; path = Base.lproj/LaunchScreen.storyboard; sourceTree = "<group>"; };
		115CEA111E025993001F3685 /* Info.plist */ = {isa = PBXFileReference; lastKnownFileType = text.plist.xml; path = Info.plist; sourceTree = "<group>"; };
/* End PBXFileReference section */

/* Begin PBXFrameworksBuildPhase section */
		115CE9FF1E025993001F3685 /* Frameworks */ = {
			isa = PBXFrameworksBuildPhase;
			buildActionMask = 2147483647;
			files = (
			);
			runOnlyForDeploymentPostprocessing = 0;
		};
/* End PBXFrameworksBuildPhase section */

/* Begin PBXGroup section */
		115CE9F91E025993001F3685 = {
			isa = PBXGroup;
			children = (
				115CEA041E025993001F3685 /* Mort Slang */,
				115CEA031E025993001F3685 /* Products */,
			);
			sourceTree = "<group>";
		};
		115CEA031E025993001F3685 /* Products */ = {
			isa = PBXGroup;
			children = (
				115CEA021E025993001F3685 /* Mort Slang.app */,
			);
			name = Products;
			sourceTree = "<group>";
		};
		115CEA041E025993001F3685 /* Mort Slang */ = {
			isa = PBXGroup;
			children = (
				115CEA051E025993001F3685 /* AppDelegate.swift */,
				115CEA071E025993001F3685 /* ViewController.swift */,
				115CEA091E025993001F3685 /* Main.storyboard */,
				115CEA0C1E025993001F3685 /* Assets.xcassets */,
				115CEA0E1E025993001F3685 /* LaunchScreen.storyboard */,
				115CEA111E025993001F3685 /* Info.plist */,
			);
			path = "Mort Slang";
			sourceTree = "<group>";
		};
/* End PBXGroup section */

/* Begin PBXNativeTarget section */
		115CEA011E025993001F3685 /* Mort Slang */ = {
			isa = PBXNativeTarget;
			buildConfigurationList = 115CEA141E025993001F3685 /* Build configuration list for PBXNativeTarget "Mort Slang" */;
			buildPhases = (
				115CE9FE1E025993001F3685 /* Sources */,
				115CE9FF1E025993001F3685 /* Frameworks */,
				115CEA001E025993001F3685 /* Resources */,
			);
			buildRules = (
			);
			dependencies = (
			);
			name = "Mort Slang";
			productName = "Mort Slang";
			productReference = 115CEA021E025993001F3685 /* Mort Slang.app */;
			productType = "com.apple.product-type.application";
		};
/* End PBXNativeTarget section */

/* Begin PBXProject section */
		115CE9FA1E025993001F3685 /* Project object */ = {
			isa = PBXProject;
			attributes = {
				LastSwiftUpdateCheck = 0810;
				LastUpgradeCheck = 0810;
				ORGANIZATIONNAME = "Laticia Chance";
				TargetAttributes = {
					115CEA011E025993001F3685 = {
						CreatedOnToolsVersion = 8.1;
						ProvisioningStyle = Automatic;
					};
				};
			};
			buildConfigurationList = 115CE9FD1E025993001F3685 /* Build configuration list for PBXProject "Mort Slang" */;
			compatibilityVersion = "Xcode 3.2";
			developmentRegion = English;
			hasScannedForEncodings = 0;
			knownRegions = (
				en,
				Base,
			);
			mainGroup = 115CE9F91E025993001F3685;
			productRefGroup = 115CEA031E025993001F3685 /* Products */;
			projectDirPath = "";
			projectRoot = "";
			targets = (
				115CEA011E025993001F3685 /* Mort Slang */,
			);
		};
/* End PBXProject section */

/* Begin PBXResourcesBuildPhase section */
		115CEA001E025993001F3685 /* Resources */ = {
			isa = PBXResourcesBuildPhase;
			buildActionMask = 2147483647;
			files = (
				115CEA101E025993001F3685 /* LaunchScreen.storyboard in Resources */,
				115CEA0D1E025993001F3685 /* Assets.xcassets in Resources */,
				115CEA0B1E025993001F3685 /* Main.storyboard in Resources */,
			);
			runOnlyForDeploymentPostprocessing = 0;
		};
/* End PBXResourcesBuildPhase section */

/* Begin PBXSourcesBuildPhase section */
		115CE9FE1E025993001F3685 /* Sources */ = {
			isa = PBXSourcesBuildPhase;
			buildActionMask = 2147483647;
			files = (
				115CEA081E025993001F3685 /* ViewController.swift in Sources */,
				115CEA061E025993001F3685 /* AppDelegate.swift in Sources */,
			);
			runOnlyForDeploymentPostprocessing = 0;
		};
/* End PBXSourcesBuildPhase section */

/* Begin PBXVariantGroup section */
		115CEA091E025993001F3685 /* Main.storyboard */ = {
			isa = PBXVariantGroup;
			children = (
				115CEA0A1E025993001F3685 /* Base */,
			);
			name = Main.storyboard;
			sourceTree = "<group>";
		};
		115CEA0E1E025993001F3685 /* LaunchScreen.storyboard */ = {
			isa = PBXVariantGroup;
			children = (
				115CEA0F1E025993001F3685 /* Base */,
			);
			name = LaunchScreen.storyboard;
			sourceTree = "<group>";
		};
/* End PBXVariantGroup section */

/* Begin XCBuildConfiguration section */
		115CEA121E025993001F3685 /* Debug */ = {
			isa = XCBuildConfiguration;
			buildSettings = {
				ALWAYS_SEARCH_USER_PATHS = NO;
				CLANG_ANALYZER_NONNULL = YES;
				CLANG_CXX_LANGUAGE_STANDARD = "gnu++0x";
				CLANG_CXX_LIBRARY = "libc++";
				CLANG_ENABLE_MODULES = YES;
				CLANG_ENABLE_OBJC_ARC = YES;
				CLANG_WARN_BOOL_CONVERSION = YES;
				CLANG_WARN_CONSTANT_CONVERSION = YES;
				CLANG_WARN_DIRECT_OBJC_ISA_USAGE = YES_ERROR;
				CLANG_WARN_DOCUMENTATION_COMMENTS = YES;
				CLANG_WARN_EMPTY_BODY = YES;
				CLANG_WARN_ENUM_CONVERSION = YES;
				CLANG_WARN_INFINITE_RECURSION = YES;
				CLANG_WARN_INT_CONVERSION = YES;
				CLANG_WARN_OBJC_ROOT_CLASS = YES_ERROR;
				CLANG_WARN_SUSPICIOUS_MOVES = YES;
				CLANG_WARN_UNREACHABLE_CODE = YES;
				CLANG_WARN__DUPLICATE_METHOD_MATCH = YES;
				"CODE_SIGN_IDENTITY[sdk=iphoneos*]" = "iPhone Developer";
				COPY_PHASE_STRIP = NO;
				DEBUG_INFORMATION_FORMAT = dwarf;
				ENABLE_STRICT_OBJC_MSGSEND = YES;
				ENABLE_TESTABILITY = YES;
				GCC_C_LANGUAGE_STANDARD = gnu99;
				GCC_DYNAMIC_NO_PIC = NO;
				GCC_NO_COMMON_BLOCKS = YES;
				GCC_OPTIMIZATION_LEVEL = 0;
				GCC_PREPROCESSOR_DEFINITIONS = (
					"DEBUG=1",
					"$(inherited)",
				);
				GCC_WARN_64_TO_32_BIT_CONVERSION = YES;
				GCC_WARN_ABOUT_RETURN_TYPE = YES_ERROR;
				GCC_WARN_UNDECLARED_SELECTOR = YES;
				GCC_WARN_UNINITIALIZED_AUTOS = YES_AGGRESSIVE;
				GCC_WARN_UNUSED_FUNCTION = YES;
				GCC_WARN_UNUSED_VARIABLE = YES;
				IPHONEOS_DEPLOYMENT_TARGET = 10.1;
				MTL_ENABLE_DEBUG_INFO = YES;
				ONLY_ACTIVE_ARCH = YES;
				SDKROOT = iphoneos;
				SWIFT_ACTIVE_COMPILATION_CONDITIONS = DEBUG;
				SWIFT_OPTIMIZATION_LEVEL = "-Onone";
				TARGETED_DEVICE_FAMILY = "1,2";
			};
			name = Debug;
		};
		115CEA131E025993001F3685 /* Release */ = {
			isa = XCBuildConfiguration;
			buildSettings = {
				ALWAYS_SEARCH_USER_PATHS = NO;
				CLANG_ANALYZER_NONNULL = YES;
				CLANG_CXX_LANGUAGE_STANDARD = "gnu++0x";
				CLANG_CXX_LIBRARY = "libc++";
				CLANG_ENABLE_MODULES = YES;
				CLANG_ENABLE_OBJC_ARC = YES;
				CLANG_WARN_BOOL_CONVERSION = YES;
				CLANG_WARN_CONSTANT_CONVERSION = YES;
				CLANG_WARN_DIRECT_OBJC_ISA_USAGE = YES_ERROR;
				CLANG_WARN_DOCUMENTATION_COMMENTS = YES;
				CLANG_WARN_EMPTY_BODY = YES;
				CLANG_WARN_ENUM_CONVERSION = YES;
				CLANG_WARN_INFINITE_RECURSION = YES;
				CLANG_WARN_INT_CONVERSION = YES;
				CLANG_WARN_OBJC_ROOT_CLASS = YES_ERROR;
				CLANG_WARN_SUSPICIOUS_MOVES = YES;
				CLANG_WARN_UNREACHABLE_CODE = YES;
				CLANG_WARN__DUPLICATE_METHOD_MATCH = YES;
				"CODE_SIGN_IDENTITY[sdk=iphoneos*]" = "iPhone Developer";
				COPY_PHASE_STRIP = NO;
				DEBUG_INFORMATION_FORMAT = "dwarf-with-dsym";
				ENABLE_NS_ASSERTIONS = NO;
				ENABLE_STRICT_OBJC_MSGSEND = YES;
				GCC_C_LANGUAGE_STANDARD = gnu99;
				GCC_NO_COMMON_BLOCKS = YES;
				GCC_WARN_64_TO_32_BIT_CONVERSION = YES;
				GCC_WARN_ABOUT_RETURN_TYPE = YES_ERROR;
				GCC_WARN_UNDECLARED_SELECTOR = YES;
				GCC_WARN_UNINITIALIZED_AUTOS = YES_AGGRESSIVE;
				GCC_WARN_UNUSED_FUNCTION = YES;
				GCC_WARN_UNUSED_VARIABLE = YES;
				IPHONEOS_DEPLOYMENT_TARGET = 10.1;
				MTL_ENABLE_DEBUG_INFO = NO;
				SDKROOT = iphoneos;
				SWIFT_OPTIMIZATION_LEVEL = "-Owholemodule";
				TARGETED_DEVICE_FAMILY = "1,2";
				VALIDATE_PRODUCT = YES;
			};
			name = Release;
		};
		115CEA151E025993001F3685 /* Debug */ = {
			isa = XCBuildConfiguration;
			buildSettings = {
				ASSETCATALOG_COMPILER_APPICON_NAME = AppIcon;
				INFOPLIST_FILE = "Mort Slang/Info.plist";
				LD_RUNPATH_SEARCH_PATHS = "$(inherited) @executable_path/Frameworks";
				PRODUCT_BUNDLE_IDENTIFIER = "com.ElectricChance.Mort-Slang";
				PRODUCT_NAME = "$(TARGET_NAME)";
				SWIFT_VERSION = 3.0;
			};
			name = Debug;
		};
		115CEA161E025993001F3685 /* Release */ = {
			isa = XCBuildConfiguration;
			buildSettings = {
				ASSETCATALOG_COMPILER_APPICON_NAME = AppIcon;
				INFOPLIST_FILE = "Mort Slang/Info.plist";
				LD_RUNPATH_SEARCH_PATHS = "$(inherited) @executable_path/Frameworks";
				PRODUCT_BUNDLE_IDENTIFIER = "com.ElectricChance.Mort-Slang";
				PRODUCT_NAME = "$(TARGET_NAME)";
				SWIFT_VERSION = 3.0;
			};
			name = Release;
		};
/* End XCBuildConfiguration section */

/* Begin XCConfigurationList section */
		115CE9FD1E025993001F3685 /* Build configuration list for PBXProject "Mort Slang" */ = {
			isa = XCConfigurationList;
			buildConfigurations = (
				115CEA121E025993001F3685 /* Debug */,
				115CEA131E025993001F3685 /* Release */,
			);
			defaultConfigurationIsVisible = 0;
			defaultConfigurationName = Release;
		};
		115CEA141E025993001F3685 /* Build configuration list for PBXNativeTarget "Mort Slang" */ = {
			isa = XCConfigurationList;
			buildConfigurations = (
				115CEA151E025993001F3685 /* Debug */,
				115CEA161E025993001F3685 /* Release */,
			);
			defaultConfigurationIsVisible = 0;
		};
/* End XCConfigurationList section */
	};
	rootObject = 115CE9FA1E025993001F3685 /* Project object */;
}
